// !$*UTF8*$!
{
	archiveVersion = 1;
	classes = {
	};
	objectVersion = 46;
	objects = {

/* Begin PBXBuildFile section */
		4A53BCA01E0580E1003BD492 /* libz-1.2.8.a in Frameworks */ = {isa = PBXBuildFile; fileRef = 4A53BC9F1E0580B5003BD492 /* libz-1.2.8.a */; };
/* End PBXBuildFile section */

/* Begin PBXContainerItemProxy section */
		4A53BC8D1E0572EA003BD492 /* PBXContainerItemProxy */ = {
			isa = PBXContainerItemProxy;
			containerPortal = 2438DD5C18FA877000331C0B /* Project object */;
			proxyType = 1;
			remoteGlobalIDString = 4A53BC7F1E0572A5003BD492;
			remoteInfo = crypto;
		};
		4A53BC9E1E0580B5003BD492 /* PBXContainerItemProxy */ = {
			isa = PBXContainerItemProxy;
			containerPortal = 4A53BC9A1E0580B5003BD492 /* z.xcodeproj */;
			proxyType = 2;
			remoteGlobalIDString = 4AD0F9491E051A3000440F44;
			remoteInfo = "z-1.2.8";
		};
		4A53BCA11E0580EC003BD492 /* PBXContainerItemProxy */ = {
			isa = PBXContainerItemProxy;
			containerPortal = 4A53BC9A1E0580B5003BD492 /* z.xcodeproj */;
			proxyType = 1;
			remoteGlobalIDString = 4AD0F9481E051A3000440F44;
			remoteInfo = "z-1.2.8";
		};
/* End PBXContainerItemProxy section */

/* Begin PBXFileReference section */
		4A53BC801E0572A5003BD492 /* libcrypto.a */ = {isa = PBXFileReference; explicitFileType = archive.ar; includeInIndex = 0; path = libcrypto.a; sourceTree = BUILT_PRODUCTS_DIR; };
		4A53BC891E0572D9003BD492 /* libssl.a */ = {isa = PBXFileReference; explicitFileType = archive.ar; includeInIndex = 0; path = libssl.a; sourceTree = BUILT_PRODUCTS_DIR; };
		4A53BC9A1E0580B5003BD492 /* z.xcodeproj */ = {isa = PBXFileReference; lastKnownFileType = "wrapper.pb-project"; name = z.xcodeproj; path = zlib/z.xcodeproj; sourceTree = "<group>"; };
/* End PBXFileReference section */

/* Begin PBXFrameworksBuildPhase section */
		4A53BC981E0580A6003BD492 /* Frameworks */ = {
			isa = PBXFrameworksBuildPhase;
			buildActionMask = 2147483647;
			files = (
				4A53BCA01E0580E1003BD492 /* libz-1.2.8.a in Frameworks */,
			);
			runOnlyForDeploymentPostprocessing = 0;
		};
/* End PBXFrameworksBuildPhase section */

/* Begin PBXGroup section */
		2421BBBB1A3F076A00E61B19 /* Products */ = {
			isa = PBXGroup;
			children = (
			);
			name = Products;
			sourceTree = "<group>";
		};
		2438DD5B18FA877000331C0B = {
			isa = PBXGroup;
			children = (
				2421BBBB1A3F076A00E61B19 /* Products */,
				4A53BC801E0572A5003BD492 /* libcrypto.a */,
				4A53BC891E0572D9003BD492 /* libssl.a */,
				4A53BC991E0580B5003BD492 /* Frameworks */,
			);
			sourceTree = "<group>";
		};
		4A53BC991E0580B5003BD492 /* Frameworks */ = {
			isa = PBXGroup;
			children = (
				4A53BC9A1E0580B5003BD492 /* z.xcodeproj */,
			);
			name = Frameworks;
			sourceTree = "<group>";
		};
		4A53BC9B1E0580B5003BD492 /* Products */ = {
			isa = PBXGroup;
			children = (
				4A53BC9F1E0580B5003BD492 /* libz-1.2.8.a */,
			);
			name = Products;
			sourceTree = "<group>";
		};
/* End PBXGroup section */

/* Begin PBXNativeTarget section */
		4A53BC7F1E0572A5003BD492 /* crypto */ = {
			isa = PBXNativeTarget;
			buildConfigurationList = 4A53BC811E0572A5003BD492 /* Build configuration list for PBXNativeTarget "crypto" */;
			buildPhases = (
				4A53BC981E0580A6003BD492 /* Frameworks */,
				4A53BC841E0572C4003BD492 /* ShellScript */,
			);
			buildRules = (
			);
			dependencies = (
				4A53BCA21E0580EC003BD492 /* PBXTargetDependency */,
			);
			name = crypto;
			productName = crypto;
			productReference = 4A53BC801E0572A5003BD492 /* libcrypto.a */;
			productType = "com.apple.product-type.library.static";
		};
		4A53BC881E0572D9003BD492 /* ssl */ = {
			isa = PBXNativeTarget;
			buildConfigurationList = 4A53BC8A1E0572D9003BD492 /* Build configuration list for PBXNativeTarget "ssl" */;
			buildPhases = (
			);
			buildRules = (
			);
			dependencies = (
				4A53BC8E1E0572EA003BD492 /* PBXTargetDependency */,
			);
			name = ssl;
			productName = ssl;
			productReference = 4A53BC891E0572D9003BD492 /* libssl.a */;
			productType = "com.apple.product-type.library.static";
		};
/* End PBXNativeTarget section */

/* Begin PBXProject section */
		2438DD5C18FA877000331C0B /* Project object */ = {
			isa = PBXProject;
			attributes = {
				LastUpgradeCheck = 0800;
				ORGANIZATIONNAME = "Daniel Tull";
				TargetAttributes = {
					4A53BC7F1E0572A5003BD492 = {
						CreatedOnToolsVersion = 8.2;
						ProvisioningStyle = Automatic;
					};
					4A53BC881E0572D9003BD492 = {
						CreatedOnToolsVersion = 8.2;
						ProvisioningStyle = Automatic;
					};
				};
			};
			buildConfigurationList = 2438DD5F18FA877000331C0B /* Build configuration list for PBXProject "OpenSSL" */;
			compatibilityVersion = "Xcode 3.2";
			developmentRegion = English;
			hasScannedForEncodings = 0;
			knownRegions = (
				en,
			);
			mainGroup = 2438DD5B18FA877000331C0B;
			productRefGroup = 2438DD5B18FA877000331C0B;
			projectDirPath = "";
			projectReferences = (
				{
					ProductGroup = 4A53BC9B1E0580B5003BD492 /* Products */;
					ProjectRef = 4A53BC9A1E0580B5003BD492 /* z.xcodeproj */;
				},
			);
			projectRoot = "";
			targets = (
				4A53BC7F1E0572A5003BD492 /* crypto */,
				4A53BC881E0572D9003BD492 /* ssl */,
			);
		};
/* End PBXProject section */

/* Begin PBXReferenceProxy section */
		4A53BC9F1E0580B5003BD492 /* libz-1.2.8.a */ = {
			isa = PBXReferenceProxy;
			fileType = archive.ar;
			path = "libz-1.2.8.a";
			remoteRef = 4A53BC9E1E0580B5003BD492 /* PBXContainerItemProxy */;
			sourceTree = BUILT_PRODUCTS_DIR;
		};
/* End PBXReferenceProxy section */

/* Begin PBXShellScriptBuildPhase section */
		4A53BC841E0572C4003BD492 /* ShellScript */ = {
			isa = PBXShellScriptBuildPhase;
			buildActionMask = 2147483647;
			files = (
			);
			inputPaths = (
			);
			outputPaths = (
			);
			runOnlyForDeploymentPostprocessing = 0;
			shellPath = /bin/bash;
			shellScript = "./build-osx.sh";
		};
/* End PBXShellScriptBuildPhase section */

/* Begin PBXTargetDependency section */
		4A53BC8E1E0572EA003BD492 /* PBXTargetDependency */ = {
			isa = PBXTargetDependency;
			target = 4A53BC7F1E0572A5003BD492 /* crypto */;
			targetProxy = 4A53BC8D1E0572EA003BD492 /* PBXContainerItemProxy */;
		};
		4A53BCA21E0580EC003BD492 /* PBXTargetDependency */ = {
			isa = PBXTargetDependency;
			name = "z-1.2.8";
			targetProxy = 4A53BCA11E0580EC003BD492 /* PBXContainerItemProxy */;
		};
/* End PBXTargetDependency section */

/* Begin XCBuildConfiguration section */
		2438DD8518FA877100331C0B /* Debug */ = {
			isa = XCBuildConfiguration;
			buildSettings = {
				ALWAYS_SEARCH_USER_PATHS = NO;
				ARCHS = "$(ARCHS_STANDARD_32_64_BIT)";
				CLANG_CXX_LANGUAGE_STANDARD = "gnu++0x";
				CLANG_CXX_LIBRARY = "libc++";
				CLANG_ENABLE_MODULES = YES;
				CLANG_ENABLE_OBJC_ARC = YES;
				CLANG_WARN_BOOL_CONVERSION = YES;
				CLANG_WARN_CONSTANT_CONVERSION = YES;
				CLANG_WARN_DIRECT_OBJC_ISA_USAGE = YES_ERROR;
				CLANG_WARN_EMPTY_BODY = YES;
				CLANG_WARN_ENUM_CONVERSION = YES;
				CLANG_WARN_INFINITE_RECURSION = YES;
				CLANG_WARN_INT_CONVERSION = YES;
				CLANG_WARN_OBJC_ROOT_CLASS = YES_ERROR;
				CLANG_WARN_SUSPICIOUS_MOVE = YES;
				CLANG_WARN_UNREACHABLE_CODE = YES;
				CLANG_WARN__DUPLICATE_METHOD_MATCH = YES;
				CONFIGURATION_BUILD_DIR = "$(BUILD_DIR)/$(CONFIGURATION)/$(PROJECT_NAME)/$(EFFECTIVE_PLATFORM_NAME)";
				COPY_PHASE_STRIP = NO;
				ENABLE_STRICT_OBJC_MSGSEND = YES;
				ENABLE_TESTABILITY = YES;
				GCC_C_LANGUAGE_STANDARD = gnu99;
				GCC_DYNAMIC_NO_PIC = NO;
				GCC_NO_COMMON_BLOCKS = YES;
				GCC_OPTIMIZATION_LEVEL = 0;
				GCC_PREPROCESSOR_DEFINITIONS = (
					"DEBUG=1",
					"$(inherited)",
				);
				GCC_SYMBOLS_PRIVATE_EXTERN = NO;
				GCC_WARN_64_TO_32_BIT_CONVERSION = YES;
				GCC_WARN_ABOUT_RETURN_TYPE = YES_ERROR;
				GCC_WARN_UNDECLARED_SELECTOR = YES;
				GCC_WARN_UNINITIALIZED_AUTOS = YES_AGGRESSIVE;
				GCC_WARN_UNUSED_FUNCTION = YES;
				GCC_WARN_UNUSED_VARIABLE = YES;
				HEADER_SEARCH_PATHS = "\"$(SRCROOT)/DerivedData/Build/Products/Release/z/usr/local/include\"";
				IPHONEOS_DEPLOYMENT_TARGET = 8.0;
				LIBRARY_SEARCH_PATHS = "\"$(SRCROOT)/DerivedData/Build/Products/Release/z\"";
				MACH_O_TYPE = staticlib;
				MACOSX_DEPLOYMENT_TARGET = 10.9;
				ONLY_ACTIVE_ARCH = YES;
				OPENSSL_XCODE_CONFIGURE_ARGS = "no-shared zlib --prefix=$(OPENSSL_XCODE_INSTALL_PREFIX)";
				OPENSSL_XCODE_INSTALL_PREFIX = "$(CONFIGURATION_BUILD_DIR)";
				SDKROOT = macosx10.12;
				SUPPORTED_PLATFORMS = macosx;
				TVOS_DEPLOYMENT_TARGET = 9.0;
				WATCHOS_DEPLOYMENT_TARGET = 2.0;
			};
			name = Debug;
		};
		2438DD8618FA877100331C0B /* Release */ = {
			isa = XCBuildConfiguration;
			buildSettings = {
				ALWAYS_SEARCH_USER_PATHS = NO;
				ARCHS = "$(ARCHS_STANDARD_32_64_BIT)";
				CLANG_CXX_LANGUAGE_STANDARD = "gnu++0x";
				CLANG_CXX_LIBRARY = "libc++";
				CLANG_ENABLE_MODULES = YES;
				CLANG_ENABLE_OBJC_ARC = YES;
				CLANG_WARN_BOOL_CONVERSION = YES;
				CLANG_WARN_CONSTANT_CONVERSION = YES;
				CLANG_WARN_DIRECT_OBJC_ISA_USAGE = YES_ERROR;
				CLANG_WARN_EMPTY_BODY = YES;
				CLANG_WARN_ENUM_CONVERSION = YES;
				CLANG_WARN_INFINITE_RECURSION = YES;
				CLANG_WARN_INT_CONVERSION = YES;
				CLANG_WARN_OBJC_ROOT_CLASS = YES_ERROR;
				CLANG_WARN_SUSPICIOUS_MOVE = YES;
				CLANG_WARN_UNREACHABLE_CODE = YES;
				CLANG_WARN__DUPLICATE_METHOD_MATCH = YES;
				CONFIGURATION_BUILD_DIR = "$(BUILD_DIR)/$(CONFIGURATION)/$(PROJECT_NAME)/$(EFFECTIVE_PLATFORM_NAME)";
				COPY_PHASE_STRIP = YES;
				ENABLE_NS_ASSERTIONS = NO;
				ENABLE_STRICT_OBJC_MSGSEND = YES;
				GCC_C_LANGUAGE_STANDARD = gnu99;
				GCC_NO_COMMON_BLOCKS = YES;
				GCC_WARN_64_TO_32_BIT_CONVERSION = YES;
				GCC_WARN_ABOUT_RETURN_TYPE = YES_ERROR;
				GCC_WARN_UNDECLARED_SELECTOR = YES;
				GCC_WARN_UNINITIALIZED_AUTOS = YES_AGGRESSIVE;
				GCC_WARN_UNUSED_FUNCTION = YES;
				GCC_WARN_UNUSED_VARIABLE = YES;
				HEADER_SEARCH_PATHS = "\"$(SRCROOT)/DerivedData/Build/Products/Release/z/usr/local/include\"";
				IPHONEOS_DEPLOYMENT_TARGET = 8.0;
				LIBRARY_SEARCH_PATHS = "\"$(SRCROOT)/DerivedData/Build/Products/Release/z\"";
				MACH_O_TYPE = staticlib;
				MACOSX_DEPLOYMENT_TARGET = 10.9;
				OPENSSL_XCODE_CONFIGURE_ARGS = "no-shared zlib --prefix=$(OPENSSL_XCODE_INSTALL_PREFIX)";
				OPENSSL_XCODE_INSTALL_PREFIX = "$(CONFIGURATION_BUILD_DIR)";
				SDKROOT = macosx10.12;
				SUPPORTED_PLATFORMS = macosx;
				TVOS_DEPLOYMENT_TARGET = 9.0;
				VALIDATE_PRODUCT = YES;
				WATCHOS_DEPLOYMENT_TARGET = 2.0;
			};
			name = Release;
		};
		4A53BC821E0572A5003BD492 /* Debug */ = {
			isa = XCBuildConfiguration;
			buildSettings = {
				CLANG_ANALYZER_NONNULL = YES;
				CLANG_WARN_DOCUMENTATION_COMMENTS = YES;
				CODE_SIGN_IDENTITY = "-";
				CONFIGURATION_BUILD_DIR = "$(BUILD_DIR)/$(CONFIGURATION)/$(PROJECT_NAME)/$(EFFECTIVE_PLATFORM_NAME)";
				DEBUG_INFORMATION_FORMAT = dwarf;
				EXECUTABLE_PREFIX = lib;
				HEADER_SEARCH_PATHS = "$(inherited)";
				LIBRARY_SEARCH_PATHS = "$(inherited)";
				MACOSX_DEPLOYMENT_TARGET = 10.11;
				MTL_ENABLE_DEBUG_INFO = YES;
				PRODUCT_NAME = "$(TARGET_NAME)";
				SDKROOT = macosx;
			};
			name = Debug;
		};
		4A53BC831E0572A5003BD492 /* Release */ = {
			isa = XCBuildConfiguration;
			buildSettings = {
				CLANG_ANALYZER_NONNULL = YES;
				CLANG_WARN_DOCUMENTATION_COMMENTS = YES;
				CODE_SIGN_IDENTITY = "-";
				CONFIGURATION_BUILD_DIR = "$(BUILD_DIR)/$(CONFIGURATION)/$(PROJECT_NAME)/$(EFFECTIVE_PLATFORM_NAME)";
				COPY_PHASE_STRIP = NO;
				DEBUG_INFORMATION_FORMAT = "dwarf-with-dsym";
				EXECUTABLE_PREFIX = lib;
				HEADER_SEARCH_PATHS = "$(inherited)";
				LIBRARY_SEARCH_PATHS = "$(inherited)";
				MACOSX_DEPLOYMENT_TARGET = 10.11;
				MTL_ENABLE_DEBUG_INFO = NO;
				PRODUCT_NAME = "$(TARGET_NAME)";
				SDKROOT = macosx;
			};
			name = Release;
		};
		4A53BC8B1E0572D9003BD492 /* Debug */ = {
			isa = XCBuildConfiguration;
			buildSettings = {
				CLANG_ANALYZER_NONNULL = YES;
				CLANG_WARN_DOCUMENTATION_COMMENTS = YES;
				CODE_SIGN_IDENTITY = "-";
				DEBUG_INFORMATION_FORMAT = dwarf;
				EXECUTABLE_PREFIX = lib;
				MACOSX_DEPLOYMENT_TARGET = 10.11;
				MTL_ENABLE_DEBUG_INFO = YES;
				PRODUCT_NAME = "$(TARGET_NAME)";
				SDKROOT = macosx;
			};
			name = Debug;
		};
		4A53BC8C1E0572D9003BD492 /* Release */ = {
			isa = XCBuildConfiguration;
			buildSettings = {
				CLANG_ANALYZER_NONNULL = YES;
				CLANG_WARN_DOCUMENTATION_COMMENTS = YES;
				CODE_SIGN_IDENTITY = "-";
				COPY_PHASE_STRIP = NO;
				DEBUG_INFORMATION_FORMAT = "dwarf-with-dsym";
				EXECUTABLE_PREFIX = lib;
				MACOSX_DEPLOYMENT_TARGET = 10.11;
				MTL_ENABLE_DEBUG_INFO = NO;
				PRODUCT_NAME = "$(TARGET_NAME)";
				SDKROOT = macosx;
			};
			name = Release;
		};
/* End XCBuildConfiguration section */

/* Begin XCConfigurationList section */
		2438DD5F18FA877000331C0B /* Build configuration list for PBXProject "OpenSSL" */ = {
			isa = XCConfigurationList;
			buildConfigurations = (
				2438DD8518FA877100331C0B /* Debug */,
				2438DD8618FA877100331C0B /* Release */,
			);
			defaultConfigurationIsVisible = 0;
			defaultConfigurationName = Release;
		};
		4A53BC811E0572A5003BD492 /* Build configuration list for PBXNativeTarget "crypto" */ = {
			isa = XCConfigurationList;
			buildConfigurations = (
				4A53BC821E0572A5003BD492 /* Debug */,
				4A53BC831E0572A5003BD492 /* Release */,
			);
			defaultConfigurationIsVisible = 0;
		};
		4A53BC8A1E0572D9003BD492 /* Build configuration list for PBXNativeTarget "ssl" */ = {
			isa = XCConfigurationList;
			buildConfigurations = (
				4A53BC8B1E0572D9003BD492 /* Debug */,
				4A53BC8C1E0572D9003BD492 /* Release */,
			);
			defaultConfigurationIsVisible = 0;
		};
/* End XCConfigurationList section */
	};
	rootObject = 2438DD5C18FA877000331C0B /* Project object */;
}
